
Microsoft Visual Studio Solution File, Format Version 12.00
# Visual Studio Version 17
VisualStudioVersion = 17.0.31903.59
MinimumVisualStudioVersion = 10.0.40219.1
Project("{FAE04EC0-301F-11D3-BF4B-00C04F79EFBC}") = "IdentityProvider", "IdentityProvider\IdentityProvider.csproj", "{A0FF4498-4E9F-490E-B601-D300598D475D}"
EndProject
Project("{FAE04EC0-301F-11D3-BF4B-00C04F79EFBC}") = "IP.Common", "IP.Common\IP.Common.csproj", "{38A3F8CE-97A3-4BB3-A8A0-7EE1817A2C11}"
EndProject
Project("{FAE04EC0-301F-11D3-BF4B-00C04F79EFBC}") = "IP.Domain", "IP.Domain\IP.Domain.csproj", "{0C97F7C0-0DB9-4C42-BA70-06AFA0C43D7F}"
EndProject
Project("{FAE04EC0-301F-11D3-BF4B-00C04F79EFBC}") = "IP.Model", "IP.Model\IP.Model.csproj", "{161E3D34-2D5C-4501-93D5-67A817A6B1A2}"
EndProject
Project("{FAE04EC0-301F-11D3-BF4B-00C04F79EFBC}") = "IP.Services", "IP.Services\IP.Services.csproj", "{AD5EAF57-50D0-4A35-A016-82351D417968}"
EndProject
Project("{2150E333-8FDC-42A3-9474-1A3956D46DE8}") = "Solution File", "Solution File", "{086D4896-469A-484D-90BD-C044ABE06214}"
	ProjectSection(SolutionItems) = preProject
		.gitignore = .gitignore
		.dockerignore = .dockerignore
		README.md = README.md
	EndProjectSection
EndProject
Global
	GlobalSection(SolutionConfigurationPlatforms) = preSolution
		Debug|Any CPU = Debug|Any CPU
		Release|Any CPU = Release|Any CPU
	EndGlobalSection
	GlobalSection(ProjectConfigurationPlatforms) = postSolution
		{A0FF4498-4E9F-490E-B601-D300598D475D}.Debug|Any CPU.ActiveCfg = Debug|Any CPU
		{A0FF4498-4E9F-490E-B601-D300598D475D}.Debug|Any CPU.Build.0 = Debug|Any CPU
		{A0FF4498-4E9F-490E-B601-D300598D475D}.Release|Any CPU.ActiveCfg = Release|Any CPU
		{A0FF4498-4E9F-490E-B601-D300598D475D}.Release|Any CPU.Build.0 = Release|Any CPU
		{38A3F8CE-97A3-4BB3-A8A0-7EE1817A2C11}.Debug|Any CPU.ActiveCfg = Debug|Any CPU
		{38A3F8CE-97A3-4BB3-A8A0-7EE1817A2C11}.Debug|Any CPU.Build.0 = Debug|Any CPU
		{38A3F8CE-97A3-4BB3-A8A0-7EE1817A2C11}.Release|Any CPU.ActiveCfg = Release|Any CPU
		{38A3F8CE-97A3-4BB3-A8A0-7EE1817A2C11}.Release|Any CPU.Build.0 = Release|Any CPU
		{0C97F7C0-0DB9-4C42-BA70-06AFA0C43D7F}.Debug|Any CPU.ActiveCfg = Debug|Any CPU
		{0C97F7C0-0DB9-4C42-BA70-06AFA0C43D7F}.Debug|Any CPU.Build.0 = Debug|Any CPU
		{0C97F7C0-0DB9-4C42-BA70-06AFA0C43D7F}.Release|Any CPU.ActiveCfg = Release|Any CPU
		{0C97F7C0-0DB9-4C42-BA70-06AFA0C43D7F}.Release|Any CPU.Build.0 = Release|Any CPU
		{161E3D34-2D5C-4501-93D5-67A817A6B1A2}.Debug|Any CPU.ActiveCfg = Debug|Any CPU
		{161E3D34-2D5C-4501-93D5-67A817A6B1A2}.Debug|Any CPU.Build.0 = Debug|Any CPU
		{161E3D34-2D5C-4501-93D5-67A817A6B1A2}.Release|Any CPU.ActiveCfg = Release|Any CPU
		{161E3D34-2D5C-4501-93D5-67A817A6B1A2}.Release|Any CPU.Build.0 = Release|Any CPU
		{AD5EAF57-50D0-4A35-A016-82351D417968}.Debug|Any CPU.ActiveCfg = Debug|Any CPU
		{AD5EAF57-50D0-4A35-A016-82351D417968}.Debug|Any CPU.Build.0 = Debug|Any CPU
		{AD5EAF57-50D0-4A35-A016-82351D417968}.Release|Any CPU.ActiveCfg = Release|Any CPU
		{AD5EAF57-50D0-4A35-A016-82351D417968}.Release|Any CPU.Build.0 = Release|Any CPU
	EndGlobalSection
	GlobalSection(SolutionProperties) = preSolution
		HideSolutionNode = FALSE
	EndGlobalSection
EndGlobal
